
Microsoft Visual Studio Solution File, Format Version 12.00
# Visual Studio Version 16
VisualStudioVersion = 16.0.31205.134
MinimumVisualStudioVersion = 10.0.40219.1
Project("{9A19103F-16F7-4668-BE54-9A1E7A4F7556}") = "OOP1", "OOP1\OOP1.csproj", "{6251055E-F7E5-4885-882C-0C7D09930B28}"
EndProject
Project("{FAE04EC0-301F-11D3-BF4B-00C04F79EFBC}") = "OOP2", "OOP2\OOP2.csproj", "{B7F6B43C-56DA-4F52-90B3-FC8BD4E8819D}"
EndProject
Project("{FAE04EC0-301F-11D3-BF4B-00C04F79EFBC}") = "OOP3", "OOP3\OOP3.csproj", "{F27FBF8A-3E4E-4C43-B4E9-E778F474238E}"
EndProject
Global
	GlobalSection(SolutionConfigurationPlatforms) = preSolution
		Debug|Any CPU = Debug|Any CPU
		Release|Any CPU = Release|Any CPU
	EndGlobalSection
	GlobalSection(ProjectConfigurationPlatforms) = postSolution
		{6251055E-F7E5-4885-882C-0C7D09930B28}.Debug|Any CPU.ActiveCfg = Debug|Any CPU
		{6251055E-F7E5-4885-882C-0C7D09930B28}.Debug|Any CPU.Build.0 = Debug|Any CPU
		{6251055E-F7E5-4885-882C-0C7D09930B28}.Release|Any CPU.ActiveCfg = Release|Any CPU
		{6251055E-F7E5-4885-882C-0C7D09930B28}.Release|Any CPU.Build.0 = Release|Any CPU
		{B7F6B43C-56DA-4F52-90B3-FC8BD4E8819D}.Debug|Any CPU.ActiveCfg = Debug|Any CPU
		{B7F6B43C-56DA-4F52-90B3-FC8BD4E8819D}.Debug|Any CPU.Build.0 = Debug|Any CPU
		{B7F6B43C-56DA-4F52-90B3-FC8BD4E8819D}.Release|Any CPU.ActiveCfg = Release|Any CPU
		{B7F6B43C-56DA-4F52-90B3-FC8BD4E8819D}.Release|Any CPU.Build.0 = Release|Any CPU
		{F27FBF8A-3E4E-4C43-B4E9-E778F474238E}.Debug|Any CPU.ActiveCfg = Debug|Any CPU
		{F27FBF8A-3E4E-4C43-B4E9-E778F474238E}.Debug|Any CPU.Build.0 = Debug|Any CPU
		{F27FBF8A-3E4E-4C43-B4E9-E778F474238E}.Release|Any CPU.ActiveCfg = Release|Any CPU
		{F27FBF8A-3E4E-4C43-B4E9-E778F474238E}.Release|Any CPU.Build.0 = Release|Any CPU
	EndGlobalSection
	GlobalSection(SolutionProperties) = preSolution
		HideSolutionNode = FALSE
	EndGlobalSection
	GlobalSection(ExtensibilityGlobals) = postSolution
		SolutionGuid = {17241B01-F378-4AC2-B94D-A9FAEF571211}
	EndGlobalSection
EndGlobal
